
Microsoft Visual Studio Solution File, Format Version 12.00
# Visual Studio 15
VisualStudioVersion = 15.0.27004.2010
MinimumVisualStudioVersion = 10.0.40219.1
Project("{FAE04EC0-301F-11D3-BF4B-00C04F79EFBC}") = "Discount", "discount\Discount.csproj", "{4D1435DE-5FAC-4DB6-9F56-A2684133D7EA}"
EndProject
Project("{FAE04EC0-301F-11D3-BF4B-00C04F79EFBC}") = "Tests", "tests\Tests.csproj", "{BBF5E34A-E621-4A14-86C9-F91B106D9DBF}"
EndProject
Global
	GlobalSection(SolutionConfigurationPlatforms) = preSolution
		Debug|Any CPU = Debug|Any CPU
		Release|Any CPU = Release|Any CPU
	EndGlobalSection
	GlobalSection(ProjectConfigurationPlatforms) = postSolution
		{4D1435DE-5FAC-4DB6-9F56-A2684133D7EA}.Debug|Any CPU.ActiveCfg = Debug|Any CPU
		{4D1435DE-5FAC-4DB6-9F56-A2684133D7EA}.Debug|Any CPU.Build.0 = Debug|Any CPU
		{4D1435DE-5FAC-4DB6-9F56-A2684133D7EA}.Release|Any CPU.ActiveCfg = Release|Any CPU
		{4D1435DE-5FAC-4DB6-9F56-A2684133D7EA}.Release|Any CPU.Build.0 = Release|Any CPU
		{BBF5E34A-E621-4A14-86C9-F91B106D9DBF}.Debug|Any CPU.ActiveCfg = Debug|Any CPU
		{BBF5E34A-E621-4A14-86C9-F91B106D9DBF}.Debug|Any CPU.Build.0 = Debug|Any CPU
		{BBF5E34A-E621-4A14-86C9-F91B106D9DBF}.Release|Any CPU.ActiveCfg = Release|Any CPU
		{BBF5E34A-E621-4A14-86C9-F91B106D9DBF}.Release|Any CPU.Build.0 = Release|Any CPU
	EndGlobalSection
	GlobalSection(SolutionProperties) = preSolution
		HideSolutionNode = FALSE
	EndGlobalSection
	GlobalSection(ExtensibilityGlobals) = postSolution
		SolutionGuid = {6520D664-D57A-41DF-A1B3-CEC25EC76CAD}
	EndGlobalSection
EndGlobal
